Microsoft Visual Studio Solution File, Format Version 11.00
# Visual Studio 2008

Project("{3BA4AAD3-7525-E89D-397E-0E323A9CEB48}") = "TOJam BAB", "Assembly-CSharp-firstpass-vs.csproj", "{A865899E-AD1D-DB85-D34E-BD0CA91099D8}"
EndProject
Project("{3BA4AAD3-7525-E89D-397E-0E323A9CEB48}") = "TOJam BAB", "Assembly-CSharp-vs.csproj", "{A7B23EA9-AC4B-2CB1-BABC-3D70353EA90C}"
EndProject
Project("{3BA4AAD3-7525-E89D-397E-0E323A9CEB48}") = "TOJam BAB", "Assembly-CSharp-Editor-vs.csproj", "{2BA33521-3AD9-8A9E-90D1-B4EB8661B411}"
EndProject
Global
	GlobalSection(SolutionConfigurationPlatforms) = preSolution
		Debug|Any CPU = Debug|Any CPU
		Release|Any CPU = Release|Any CPU
	EndGlobalSection
	GlobalSection(ProjectConfigurationPlatforms) = postSolution
		{A865899E-AD1D-DB85-D34E-BD0CA91099D8}.Debug|Any CPU.ActiveCfg = Debug|Any CPU
		{A865899E-AD1D-DB85-D34E-BD0CA91099D8}.Debug|Any CPU.Build.0 = Debug|Any CPU
		{A865899E-AD1D-DB85-D34E-BD0CA91099D8}.Release|Any CPU.ActiveCfg = Release|Any CPU
		{A865899E-AD1D-DB85-D34E-BD0CA91099D8}.Release|Any CPU.Build.0 = Release|Any CPU
		{A7B23EA9-AC4B-2CB1-BABC-3D70353EA90C}.Debug|Any CPU.ActiveCfg = Debug|Any CPU
		{A7B23EA9-AC4B-2CB1-BABC-3D70353EA90C}.Debug|Any CPU.Build.0 = Debug|Any CPU
		{A7B23EA9-AC4B-2CB1-BABC-3D70353EA90C}.Release|Any CPU.ActiveCfg = Release|Any CPU
		{A7B23EA9-AC4B-2CB1-BABC-3D70353EA90C}.Release|Any CPU.Build.0 = Release|Any CPU
		{2BA33521-3AD9-8A9E-90D1-B4EB8661B411}.Debug|Any CPU.ActiveCfg = Debug|Any CPU
		{2BA33521-3AD9-8A9E-90D1-B4EB8661B411}.Debug|Any CPU.Build.0 = Debug|Any CPU
		{2BA33521-3AD9-8A9E-90D1-B4EB8661B411}.Release|Any CPU.ActiveCfg = Release|Any CPU
		{2BA33521-3AD9-8A9E-90D1-B4EB8661B411}.Release|Any CPU.Build.0 = Release|Any CPU
	EndGlobalSection
	GlobalSection(SolutionProperties) = preSolution
		HideSolutionNode = FALSE
	EndGlobalSection
																														GlobalSection(MonoDevelopProperties) = preSolution
		StartupItem = Assembly-CSharp.csproj
		Policies = $0
		$0.TextStylePolicy = $1
		$1.inheritsSet = null
		$1.scope = text/x-csharp
		$0.CSharpFormattingPolicy = $2
		$2.inheritsSet = Mono
		$2.inheritsScope = text/x-csharp
		$2.scope = text/x-csharp
		$0.TextStylePolicy = $3
		$3.FileWidth = 120
		$3.TabWidth = 4
		$3.IndentWidth = 4
		$3.EolMarker = Unix
		$3.inheritsSet = Mono
		$3.inheritsScope = text/plain
		$3.scope = text/plain
	EndGlobalSection

EndGlobal
